// !$*UTF8*$!
{
	archiveVersion = 1;
	classes = {
	};
	objectVersion = 46;
	objects = {

/* Begin PBXBuildFile section */
		1E8726131A74EE4800502AE3 /* logo.png in Resources */ = {isa = PBXBuildFile; fileRef = 1E8726121A74EE4800502AE3 /* logo.png */; };
		1E8726191A74EEA100502AE3 /* level1.png in Resources */ = {isa = PBXBuildFile; fileRef = 1E8726141A74EEA100502AE3 /* level1.png */; };
		1E87261A1A74EEA100502AE3 /* level2.png in Resources */ = {isa = PBXBuildFile; fileRef = 1E8726151A74EEA100502AE3 /* level2.png */; };
		1E87261C1A74EEA100502AE3 /* level4.png in Resources */ = {isa = PBXBuildFile; fileRef = 1E8726171A74EEA100502AE3 /* level4.png */; };
		1E87261D1A74EEA100502AE3 /* level5.png in Resources */ = {isa = PBXBuildFile; fileRef = 1E8726181A74EEA100502AE3 /* level5.png */; };
		1E87261F1A74EEAF00502AE3 /* start.png in Resources */ = {isa = PBXBuildFile; fileRef = 1E87261E1A74EEAF00502AE3 /* start.png */; };
		1E8726211A74F01700502AE3 /* check_words.png in Resources */ = {isa = PBXBuildFile; fileRef = 1E8726201A74F01700502AE3 /* check_words.png */; };
		1E8726271A74F45100502AE3 /* level3.png in Resources */ = {isa = PBXBuildFile; fileRef = 1E8726261A74F45100502AE3 /* level3.png */; };
		1E8726291A74F6C800502AE3 /* pause_button.png in Resources */ = {isa = PBXBuildFile; fileRef = 1E8726281A74F6C800502AE3 /* pause_button.png */; };
		1E87262B1A74F6DF00502AE3 /* next_button.png in Resources */ = {isa = PBXBuildFile; fileRef = 1E87262A1A74F6DF00502AE3 /* next_button.png */; };
		1E87262D1A74F76F00502AE3 /* correct.png in Resources */ = {isa = PBXBuildFile; fileRef = 1E87262C1A74F76F00502AE3 /* correct.png */; };
		1E87262F1A74F77500502AE3 /* wrong.png in Resources */ = {isa = PBXBuildFile; fileRef = 1E87262E1A74F77500502AE3 /* wrong.png */; };
		1E8C52CF1A6BC0B50095402F /* AppDelegate.swift in Sources */ = {isa = PBXBuildFile; fileRef = 1E8C52CE1A6BC0B50095402F /* AppDelegate.swift */; };
		1E8C52D21A6BC0B50095402F /* Aratan.xcdatamodeld in Sources */ = {isa = PBXBuildFile; fileRef = 1E8C52D01A6BC0B50095402F /* Aratan.xcdatamodeld */; };
		1E8C52D71A6BC0B50095402F /* Main.storyboard in Resources */ = {isa = PBXBuildFile; fileRef = 1E8C52D51A6BC0B50095402F /* Main.storyboard */; };
		1E8C52D91A6BC0B50095402F /* Images.xcassets in Resources */ = {isa = PBXBuildFile; fileRef = 1E8C52D81A6BC0B50095402F /* Images.xcassets */; };
		1E8C52DC1A6BC0B50095402F /* LaunchScreen.xib in Resources */ = {isa = PBXBuildFile; fileRef = 1E8C52DA1A6BC0B50095402F /* LaunchScreen.xib */; };
		1E8C52E81A6BC0B50095402F /* AratanTests.swift in Sources */ = {isa = PBXBuildFile; fileRef = 1E8C52E71A6BC0B50095402F /* AratanTests.swift */; };
		1E8C52F61A6BC0C60095402F /* AcousticModelEnglish.bundle in Resources */ = {isa = PBXBuildFile; fileRef = 1E8C52F21A6BC0C60095402F /* AcousticModelEnglish.bundle */; };
		1E8C52F71A6BC0C60095402F /* AcousticModelSpanish.bundle in Resources */ = {isa = PBXBuildFile; fileRef = 1E8C52F31A6BC0C60095402F /* AcousticModelSpanish.bundle */; };
		1E8C52F81A6BC0C60095402F /* OpenEars.framework in Frameworks */ = {isa = PBXBuildFile; fileRef = 1E8C52F41A6BC0C60095402F /* OpenEars.framework */; };
		1E8C52F91A6BC0C60095402F /* Slt.framework in Frameworks */ = {isa = PBXBuildFile; fileRef = 1E8C52F51A6BC0C60095402F /* Slt.framework */; };
		1E8C52FE1A6BF95A0095402F /* WordsRecognition.swift in Sources */ = {isa = PBXBuildFile; fileRef = 1E8C52FD1A6BF95A0095402F /* WordsRecognition.swift */; };
		1E8C53041A6D33C10095402F /* QuizModel.swift in Sources */ = {isa = PBXBuildFile; fileRef = 1E8C53031A6D33C10095402F /* QuizModel.swift */; };
		1E8C53061A6D33E40095402F /* QuestionModel.swift in Sources */ = {isa = PBXBuildFile; fileRef = 1E8C53051A6D33E40095402F /* QuestionModel.swift */; };
		1E8C530B1A6DF54F0095402F /* QuizViewController.swift in Sources */ = {isa = PBXBuildFile; fileRef = 1E8C52FF1A6D280F0095402F /* QuizViewController.swift */; };
		1E8C53101A6F34C90095402F /* correct_old.png in Resources */ = {isa = PBXBuildFile; fileRef = 1E8C530E1A6F34C90095402F /* correct_old.png */; };
		1E8C53111A6F34C90095402F /* wrong_old.png in Resources */ = {isa = PBXBuildFile; fileRef = 1E8C530F1A6F34C90095402F /* wrong_old.png */; };
		1E8C53141A6F823B0095402F /* TopViewController.swift in Sources */ = {isa = PBXBuildFile; fileRef = 1E8C53131A6F823B0095402F /* TopViewController.swift */; };
		1EA58A6B1A6F90D5001169D2 /* ResultViewController.swift in Sources */ = {isa = PBXBuildFile; fileRef = 1EA58A6A1A6F90D5001169D2 /* ResultViewController.swift */; };
		A315229C1A6F7E5C00D7A760 /* word.plist in Resources */ = {isa = PBXBuildFile; fileRef = A315229B1A6F7E5C00D7A760 /* word.plist */; };
		A315229F1A6F969000D7A760 /* Word.swift in Sources */ = {isa = PBXBuildFile; fileRef = A315229E1A6F969000D7A760 /* Word.swift */; };
		A3AC68F21A74E41500EE740B /* WordListViewController.swift in Sources */ = {isa = PBXBuildFile; fileRef = A3AC68F11A74E41500EE740B /* WordListViewController.swift */; };
		A3AC68F41A74E4FE00EE740B /* WordListViewCell.swift in Sources */ = {isa = PBXBuildFile; fileRef = A3AC68F31A74E4FE00EE740B /* WordListViewCell.swift */; };
/* End PBXBuildFile section */

/* Begin PBXContainerItemProxy section */
		1E8C52E21A6BC0B50095402F /* PBXContainerItemProxy */ = {
			isa = PBXContainerItemProxy;
			containerPortal = 1E8C52C11A6BC0B50095402F /* Project object */;
			proxyType = 1;
			remoteGlobalIDString = 1E8C52C81A6BC0B50095402F;
			remoteInfo = Aratan;
		};
/* End PBXContainerItemProxy section */

/* Begin PBXFileReference section */
		1E8726121A74EE4800502AE3 /* logo.png */ = {isa = PBXFileReference; lastKnownFileType = image.png; path = logo.png; sourceTree = "<group>"; };
		1E8726141A74EEA100502AE3 /* level1.png */ = {isa = PBXFileReference; lastKnownFileType = image.png; path = level1.png; sourceTree = "<group>"; };
		1E8726151A74EEA100502AE3 /* level2.png */ = {isa = PBXFileReference; lastKnownFileType = image.png; path = level2.png; sourceTree = "<group>"; };
		1E8726171A74EEA100502AE3 /* level4.png */ = {isa = PBXFileReference; lastKnownFileType = image.png; path = level4.png; sourceTree = "<group>"; };
		1E8726181A74EEA100502AE3 /* level5.png */ = {isa = PBXFileReference; lastKnownFileType = image.png; path = level5.png; sourceTree = "<group>"; };
		1E87261E1A74EEAF00502AE3 /* start.png */ = {isa = PBXFileReference; lastKnownFileType = image.png; path = start.png; sourceTree = "<group>"; };
		1E8726201A74F01700502AE3 /* check_words.png */ = {isa = PBXFileReference; lastKnownFileType = image.png; path = check_words.png; sourceTree = "<group>"; };
		1E8726261A74F45100502AE3 /* level3.png */ = {isa = PBXFileReference; lastKnownFileType = image.png; path = level3.png; sourceTree = "<group>"; };
		1E8726281A74F6C800502AE3 /* pause_button.png */ = {isa = PBXFileReference; lastKnownFileType = image.png; path = pause_button.png; sourceTree = "<group>"; };
		1E87262A1A74F6DF00502AE3 /* next_button.png */ = {isa = PBXFileReference; lastKnownFileType = image.png; path = next_button.png; sourceTree = "<group>"; };
		1E87262C1A74F76F00502AE3 /* correct.png */ = {isa = PBXFileReference; lastKnownFileType = image.png; path = correct.png; sourceTree = "<group>"; };
		1E87262E1A74F77500502AE3 /* wrong.png */ = {isa = PBXFileReference; lastKnownFileType = image.png; path = wrong.png; sourceTree = "<group>"; };
		1E8C52C91A6BC0B50095402F /* Aratan.app */ = {isa = PBXFileReference; explicitFileType = wrapper.application; includeInIndex = 0; path = Aratan.app; sourceTree = BUILT_PRODUCTS_DIR; };
		1E8C52CD1A6BC0B50095402F /* Info.plist */ = {isa = PBXFileReference; lastKnownFileType = text.plist.xml; path = Info.plist; sourceTree = "<group>"; };
		1E8C52CE1A6BC0B50095402F /* AppDelegate.swift */ = {isa = PBXFileReference; lastKnownFileType = sourcecode.swift; path = AppDelegate.swift; sourceTree = "<group>"; };
		1E8C52D11A6BC0B50095402F /* Aratan.xcdatamodel */ = {isa = PBXFileReference; lastKnownFileType = wrapper.xcdatamodel; path = Aratan.xcdatamodel; sourceTree = "<group>"; };
		1E8C52D61A6BC0B50095402F /* Base */ = {isa = PBXFileReference; lastKnownFileType = file.storyboard; name = Base; path = Base.lproj/Main.storyboard; sourceTree = "<group>"; };
		1E8C52D81A6BC0B50095402F /* Images.xcassets */ = {isa = PBXFileReference; lastKnownFileType = folder.assetcatalog; path = Images.xcassets; sourceTree = "<group>"; };
		1E8C52DB1A6BC0B50095402F /* Base */ = {isa = PBXFileReference; lastKnownFileType = file.xib; name = Base; path = Base.lproj/LaunchScreen.xib; sourceTree = "<group>"; };
		1E8C52E11A6BC0B50095402F /* AratanTests.xctest */ = {isa = PBXFileReference; explicitFileType = wrapper.cfbundle; includeInIndex = 0; path = AratanTests.xctest; sourceTree = BUILT_PRODUCTS_DIR; };
		1E8C52E61A6BC0B50095402F /* Info.plist */ = {isa = PBXFileReference; lastKnownFileType = text.plist.xml; path = Info.plist; sourceTree = "<group>"; };
		1E8C52E71A6BC0B50095402F /* AratanTests.swift */ = {isa = PBXFileReference; lastKnownFileType = sourcecode.swift; path = AratanTests.swift; sourceTree = "<group>"; };
		1E8C52F21A6BC0C60095402F /* AcousticModelEnglish.bundle */ = {isa = PBXFileReference; lastKnownFileType = "wrapper.plug-in"; path = AcousticModelEnglish.bundle; sourceTree = "<group>"; };
		1E8C52F31A6BC0C60095402F /* AcousticModelSpanish.bundle */ = {isa = PBXFileReference; lastKnownFileType = "wrapper.plug-in"; path = AcousticModelSpanish.bundle; sourceTree = "<group>"; };
		1E8C52F41A6BC0C60095402F /* OpenEars.framework */ = {isa = PBXFileReference; lastKnownFileType = wrapper.framework; path = OpenEars.framework; sourceTree = "<group>"; };
		1E8C52F51A6BC0C60095402F /* Slt.framework */ = {isa = PBXFileReference; lastKnownFileType = wrapper.framework; path = Slt.framework; sourceTree = "<group>"; };
		1E8C52FA1A6BC0D30095402F /* Aratan-Bridging-Header.h */ = {isa = PBXFileReference; lastKnownFileType = sourcecode.c.h; path = "Aratan-Bridging-Header.h"; sourceTree = "<group>"; };
		1E8C52FD1A6BF95A0095402F /* WordsRecognition.swift */ = {isa = PBXFileReference; fileEncoding = 4; lastKnownFileType = sourcecode.swift; path = WordsRecognition.swift; sourceTree = "<group>"; };
		1E8C52FF1A6D280F0095402F /* QuizViewController.swift */ = {isa = PBXFileReference; fileEncoding = 4; lastKnownFileType = sourcecode.swift; path = QuizViewController.swift; sourceTree = "<group>"; };
		1E8C53031A6D33C10095402F /* QuizModel.swift */ = {isa = PBXFileReference; fileEncoding = 4; lastKnownFileType = sourcecode.swift; path = QuizModel.swift; sourceTree = "<group>"; };
		1E8C53051A6D33E40095402F /* QuestionModel.swift */ = {isa = PBXFileReference; fileEncoding = 4; lastKnownFileType = sourcecode.swift; path = QuestionModel.swift; sourceTree = "<group>"; };
		1E8C530E1A6F34C90095402F /* correct_old.png */ = {isa = PBXFileReference; lastKnownFileType = image.png; path = correct_old.png; sourceTree = "<group>"; };
		1E8C530F1A6F34C90095402F /* wrong_old.png */ = {isa = PBXFileReference; lastKnownFileType = image.png; path = wrong_old.png; sourceTree = "<group>"; };
		1E8C53131A6F823B0095402F /* TopViewController.swift */ = {isa = PBXFileReference; fileEncoding = 4; lastKnownFileType = sourcecode.swift; path = TopViewController.swift; sourceTree = "<group>"; };
		1EA58A6A1A6F90D5001169D2 /* ResultViewController.swift */ = {isa = PBXFileReference; fileEncoding = 4; lastKnownFileType = sourcecode.swift; path = ResultViewController.swift; sourceTree = "<group>"; };
		A315229B1A6F7E5C00D7A760 /* word.plist */ = {isa = PBXFileReference; fileEncoding = 4; lastKnownFileType = text.plist.xml; path = word.plist; sourceTree = "<group>"; };
		A315229E1A6F969000D7A760 /* Word.swift */ = {isa = PBXFileReference; fileEncoding = 4; lastKnownFileType = sourcecode.swift; path = Word.swift; sourceTree = "<group>"; };
		A3AC68F11A74E41500EE740B /* WordListViewController.swift */ = {isa = PBXFileReference; fileEncoding = 4; lastKnownFileType = sourcecode.swift; path = WordListViewController.swift; sourceTree = "<group>"; };
		A3AC68F31A74E4FE00EE740B /* WordListViewCell.swift */ = {isa = PBXFileReference; fileEncoding = 4; lastKnownFileType = sourcecode.swift; path = WordListViewCell.swift; sourceTree = "<group>"; };
/* End PBXFileReference section */

/* Begin PBXFrameworksBuildPhase section */
		1E8C52C61A6BC0B50095402F /* Frameworks */ = {
			isa = PBXFrameworksBuildPhase;
			buildActionMask = 2147483647;
			files = (
				1E8C52F91A6BC0C60095402F /* Slt.framework in Frameworks */,
				1E8C52F81A6BC0C60095402F /* OpenEars.framework in Frameworks */,
			);
			runOnlyForDeploymentPostprocessing = 0;
		};
		1E8C52DE1A6BC0B50095402F /* Frameworks */ = {
			isa = PBXFrameworksBuildPhase;
			buildActionMask = 2147483647;
			files = (
			);
			runOnlyForDeploymentPostprocessing = 0;
		};
/* End PBXFrameworksBuildPhase section */

/* Begin PBXGroup section */
		1E8726301A74F7AA00502AE3 /* images */ = {
			isa = PBXGroup;
			children = (
				1E87262C1A74F76F00502AE3 /* correct.png */,
				1E87262E1A74F77500502AE3 /* wrong.png */,
				1E8C530E1A6F34C90095402F /* correct_old.png */,
				1E8C530F1A6F34C90095402F /* wrong_old.png */,
				1E8726121A74EE4800502AE3 /* logo.png */,
				1E87261E1A74EEAF00502AE3 /* start.png */,
				1E8726141A74EEA100502AE3 /* level1.png */,
				1E8726151A74EEA100502AE3 /* level2.png */,
				1E8726261A74F45100502AE3 /* level3.png */,
				1E8726171A74EEA100502AE3 /* level4.png */,
				1E8726181A74EEA100502AE3 /* level5.png */,
				1E8726201A74F01700502AE3 /* check_words.png */,
				1E8726281A74F6C800502AE3 /* pause_button.png */,
				1E87262A1A74F6DF00502AE3 /* next_button.png */,
			);
			name = images;
			sourceTree = "<group>";
		};
		1E8C52C01A6BC0B50095402F = {
			isa = PBXGroup;
			children = (
				1E8C52F11A6BC0C60095402F /* Framework */,
				1E8C52CB1A6BC0B50095402F /* Aratan */,
				1E8C52E41A6BC0B50095402F /* AratanTests */,
				1E8C52CA1A6BC0B50095402F /* Products */,
			);
			sourceTree = "<group>";
		};
		1E8C52CA1A6BC0B50095402F /* Products */ = {
			isa = PBXGroup;
			children = (
				1E8C52C91A6BC0B50095402F /* Aratan.app */,
				1E8C52E11A6BC0B50095402F /* AratanTests.xctest */,
			);
			name = Products;
			sourceTree = "<group>";
		};
		1E8C52CB1A6BC0B50095402F /* Aratan */ = {
			isa = PBXGroup;
			children = (
				1E8C52CE1A6BC0B50095402F /* AppDelegate.swift */,
				1E8C52FD1A6BF95A0095402F /* WordsRecognition.swift */,
				1E8C53131A6F823B0095402F /* TopViewController.swift */,
				1E8C52FF1A6D280F0095402F /* QuizViewController.swift */,
				1EA58A6A1A6F90D5001169D2 /* ResultViewController.swift */,
				A3AC68F11A74E41500EE740B /* WordListViewController.swift */,
				A3AC68F31A74E4FE00EE740B /* WordListViewCell.swift */,
				1E8C53031A6D33C10095402F /* QuizModel.swift */,
				1E8C53051A6D33E40095402F /* QuestionModel.swift */,
				1E8C52D51A6BC0B50095402F /* Main.storyboard */,
				1E8726301A74F7AA00502AE3 /* images */,
				1E8C52D81A6BC0B50095402F /* Images.xcassets */,
				1E8C52DA1A6BC0B50095402F /* LaunchScreen.xib */,
				1E8C52D01A6BC0B50095402F /* Aratan.xcdatamodeld */,
				1E8C52CC1A6BC0B50095402F /* Supporting Files */,
				1E8C52FA1A6BC0D30095402F /* Aratan-Bridging-Header.h */,
			);
			path = Aratan;
			sourceTree = "<group>";
		};
		1E8C52CC1A6BC0B50095402F /* Supporting Files */ = {
			isa = PBXGroup;
			children = (
				1E8C52CD1A6BC0B50095402F /* Info.plist */,
			);
			name = "Supporting Files";
			sourceTree = "<group>";
		};
		1E8C52E41A6BC0B50095402F /* AratanTests */ = {
			isa = PBXGroup;
			children = (
				1E8C52E71A6BC0B50095402F /* AratanTests.swift */,
				1E8C52E51A6BC0B50095402F /* Supporting Files */,
			);
			path = AratanTests;
			sourceTree = "<group>";
		};
		1E8C52E51A6BC0B50095402F /* Supporting Files */ = {
			isa = PBXGroup;
			children = (
				1E8C52E61A6BC0B50095402F /* Info.plist */,
			);
			name = "Supporting Files";
			sourceTree = "<group>";
		};
		1E8C52F11A6BC0C60095402F /* Framework */ = {
			isa = PBXGroup;
			children = (
				1E8C52F21A6BC0C60095402F /* AcousticModelEnglish.bundle */,
				1E8C52F31A6BC0C60095402F /* AcousticModelSpanish.bundle */,
				1E8C52F41A6BC0C60095402F /* OpenEars.framework */,
				1E8C52F51A6BC0C60095402F /* Slt.framework */,
			);
			name = Framework;
			path = Aratan/Framework;
			sourceTree = "<group>";
		};
/* End PBXGroup section */

/* Begin PBXNativeTarget section */
		1E8C52C81A6BC0B50095402F /* Aratan */ = {
			isa = PBXNativeTarget;
			buildConfigurationList = 1E8C52EB1A6BC0B50095402F /* Build configuration list for PBXNativeTarget "Aratan" */;
			buildPhases = (
				1E8C52C51A6BC0B50095402F /* Sources */,
				1E8C52C61A6BC0B50095402F /* Frameworks */,
				1E8C52C71A6BC0B50095402F /* Resources */,
			);
			buildRules = (
			);
			dependencies = (
			);
			name = Aratan;
			productName = Aratan;
			productReference = 1E8C52C91A6BC0B50095402F /* Aratan.app */;
			productType = "com.apple.product-type.application";
		};
		1E8C52E01A6BC0B50095402F /* AratanTests */ = {
			isa = PBXNativeTarget;
			buildConfigurationList = 1E8C52EE1A6BC0B50095402F /* Build configuration list for PBXNativeTarget "AratanTests" */;
			buildPhases = (
				1E8C52DD1A6BC0B50095402F /* Sources */,
				1E8C52DE1A6BC0B50095402F /* Frameworks */,
				1E8C52DF1A6BC0B50095402F /* Resources */,
			);
			buildRules = (
			);
			dependencies = (
				1E8C52E31A6BC0B50095402F /* PBXTargetDependency */,
			);
			name = AratanTests;
			productName = AratanTests;
			productReference = 1E8C52E11A6BC0B50095402F /* AratanTests.xctest */;
			productType = "com.apple.product-type.bundle.unit-test";
		};
/* End PBXNativeTarget section */

/* Begin PBXProject section */
		1E8C52C11A6BC0B50095402F /* Project object */ = {
			isa = PBXProject;
			attributes = {
				LastUpgradeCheck = 0610;
				ORGANIZATIONNAME = "Team. Aratan";
				TargetAttributes = {
					1E8C52C81A6BC0B50095402F = {
						CreatedOnToolsVersion = 6.1.1;
					};
					1E8C52E01A6BC0B50095402F = {
						CreatedOnToolsVersion = 6.1.1;
						TestTargetID = 1E8C52C81A6BC0B50095402F;
					};
				};
			};
			buildConfigurationList = 1E8C52C41A6BC0B50095402F /* Build configuration list for PBXProject "Aratan" */;
			compatibilityVersion = "Xcode 3.2";
			developmentRegion = English;
			hasScannedForEncodings = 0;
			knownRegions = (
				en,
				Base,
			);
			mainGroup = 1E8C52C01A6BC0B50095402F;
			productRefGroup = 1E8C52CA1A6BC0B50095402F /* Products */;
			projectDirPath = "";
			projectRoot = "";
			targets = (
				1E8C52C81A6BC0B50095402F /* Aratan */,
				1E8C52E01A6BC0B50095402F /* AratanTests */,
			);
		};
/* End PBXProject section */

/* Begin PBXResourcesBuildPhase section */
		1E8C52C71A6BC0B50095402F /* Resources */ = {
			isa = PBXResourcesBuildPhase;
			buildActionMask = 2147483647;
			files = (
				1E8C52D71A6BC0B50095402F /* Main.storyboard in Resources */,
				1E8726211A74F01700502AE3 /* check_words.png in Resources */,
				1E87261D1A74EEA100502AE3 /* level5.png in Resources */,
				1E87261C1A74EEA100502AE3 /* level4.png in Resources */,
				1E8C52F71A6BC0C60095402F /* AcousticModelSpanish.bundle in Resources */,
				1E8726271A74F45100502AE3 /* level3.png in Resources */,
				1E8726191A74EEA100502AE3 /* level1.png in Resources */,
				1E87261F1A74EEAF00502AE3 /* start.png in Resources */,
				1E87262F1A74F77500502AE3 /* wrong.png in Resources */,
				1E8C53101A6F34C90095402F /* correct_old.png in Resources */,
				1E8726131A74EE4800502AE3 /* logo.png in Resources */,
				1E87261A1A74EEA100502AE3 /* level2.png in Resources */,
				1E8726291A74F6C800502AE3 /* pause_button.png in Resources */,
				1E87262D1A74F76F00502AE3 /* correct.png in Resources */,
				1E8C52F61A6BC0C60095402F /* AcousticModelEnglish.bundle in Resources */,
				1E8C52DC1A6BC0B50095402F /* LaunchScreen.xib in Resources */,
				1E8C53111A6F34C90095402F /* wrong_old.png in Resources */,
				1E8C52D91A6BC0B50095402F /* Images.xcassets in Resources */,
				1E87262B1A74F6DF00502AE3 /* next_button.png in Resources */,
			);
			runOnlyForDeploymentPostprocessing = 0;
		};
		1E8C52DF1A6BC0B50095402F /* Resources */ = {
			isa = PBXResourcesBuildPhase;
			buildActionMask = 2147483647;
			files = (
			);
			runOnlyForDeploymentPostprocessing = 0;
		};
/* End PBXResourcesBuildPhase section */

/* Begin PBXSourcesBuildPhase section */
		1E8C52C51A6BC0B50095402F /* Sources */ = {
			isa = PBXSourcesBuildPhase;
			buildActionMask = 2147483647;
			files = (
				1E8C53061A6D33E40095402F /* QuestionModel.swift in Sources */,
				A315229F1A6F969000D7A760 /* Word.swift in Sources */,
				A3AC68F21A74E41500EE740B /* WordListViewController.swift in Sources */,
				1E8C530B1A6DF54F0095402F /* QuizViewController.swift in Sources */,
				1E8C52FE1A6BF95A0095402F /* WordsRecognition.swift in Sources */,
				1EA58A6B1A6F90D5001169D2 /* ResultViewController.swift in Sources */,
				1E8C53141A6F823B0095402F /* TopViewController.swift in Sources */,
				A3AC68F41A74E4FE00EE740B /* WordListViewCell.swift in Sources */,
				1E8C52D21A6BC0B50095402F /* Aratan.xcdatamodeld in Sources */,
				1E8C53041A6D33C10095402F /* QuizModel.swift in Sources */,
				1E8C52CF1A6BC0B50095402F /* AppDelegate.swift in Sources */,
			);
			runOnlyForDeploymentPostprocessing = 0;
		};
		1E8C52DD1A6BC0B50095402F /* Sources */ = {
			isa = PBXSourcesBuildPhase;
			buildActionMask = 2147483647;
			files = (
				1E8C52E81A6BC0B50095402F /* AratanTests.swift in Sources */,
			);
			runOnlyForDeploymentPostprocessing = 0;
		};
/* End PBXSourcesBuildPhase section */

/* Begin PBXTargetDependency section */
		1E8C52E31A6BC0B50095402F /* PBXTargetDependency */ = {
			isa = PBXTargetDependency;
			target = 1E8C52C81A6BC0B50095402F /* Aratan */;
			targetProxy = 1E8C52E21A6BC0B50095402F /* PBXContainerItemProxy */;
		};
/* End PBXTargetDependency section */

/* Begin PBXVariantGroup section */
		1E8C52D51A6BC0B50095402F /* Main.storyboard */ = {
			isa = PBXVariantGroup;
			children = (
				1E8C52D61A6BC0B50095402F /* Base */,
			);
			name = Main.storyboard;
			sourceTree = "<group>";
		};
		1E8C52DA1A6BC0B50095402F /* LaunchScreen.xib */ = {
			isa = PBXVariantGroup;
			children = (
				1E8C52DB1A6BC0B50095402F /* Base */,
			);
			name = LaunchScreen.xib;
			sourceTree = "<group>";
		};
/* End PBXVariantGroup section */

/* Begin XCBuildConfiguration section */
		1E8C52E91A6BC0B50095402F /* Debug */ = {
			isa = XCBuildConfiguration;
			buildSettings = {
				ALWAYS_SEARCH_USER_PATHS = NO;
				CLANG_CXX_LANGUAGE_STANDARD = "gnu++0x";
				CLANG_CXX_LIBRARY = "libc++";
				CLANG_ENABLE_MODULES = YES;
				CLANG_ENABLE_OBJC_ARC = YES;
				CLANG_WARN_BOOL_CONVERSION = YES;
				CLANG_WARN_CONSTANT_CONVERSION = YES;
				CLANG_WARN_DIRECT_OBJC_ISA_USAGE = YES_ERROR;
				CLANG_WARN_EMPTY_BODY = YES;
				CLANG_WARN_ENUM_CONVERSION = YES;
				CLANG_WARN_INT_CONVERSION = YES;
				CLANG_WARN_OBJC_ROOT_CLASS = YES_ERROR;
				CLANG_WARN_UNREACHABLE_CODE = YES;
				CLANG_WARN__DUPLICATE_METHOD_MATCH = YES;
				"CODE_SIGN_IDENTITY[sdk=iphoneos*]" = "iPhone Developer";
				COPY_PHASE_STRIP = NO;
				ENABLE_STRICT_OBJC_MSGSEND = YES;
				GCC_C_LANGUAGE_STANDARD = gnu99;
				GCC_DYNAMIC_NO_PIC = NO;
				GCC_OPTIMIZATION_LEVEL = 0;
				GCC_PREPROCESSOR_DEFINITIONS = (
					"DEBUG=1",
					"$(inherited)",
				);
				GCC_SYMBOLS_PRIVATE_EXTERN = NO;
				GCC_WARN_64_TO_32_BIT_CONVERSION = YES;
				GCC_WARN_ABOUT_RETURN_TYPE = YES_ERROR;
				GCC_WARN_UNDECLARED_SELECTOR = YES;
				GCC_WARN_UNINITIALIZED_AUTOS = YES_AGGRESSIVE;
				GCC_WARN_UNUSED_FUNCTION = YES;
				GCC_WARN_UNUSED_VARIABLE = YES;
				IPHONEOS_DEPLOYMENT_TARGET = 8.1;
				MTL_ENABLE_DEBUG_INFO = YES;
				ONLY_ACTIVE_ARCH = YES;
				SDKROOT = iphoneos;
				SWIFT_OPTIMIZATION_LEVEL = "-Onone";
				TARGETED_DEVICE_FAMILY = "1,2";
			};
			name = Debug;
		};
		1E8C52EA1A6BC0B50095402F /* Release */ = {
			isa = XCBuildConfiguration;
			buildSettings = {
				ALWAYS_SEARCH_USER_PATHS = NO;
				CLANG_CXX_LANGUAGE_STANDARD = "gnu++0x";
				CLANG_CXX_LIBRARY = "libc++";
				CLANG_ENABLE_MODULES = YES;
				CLANG_ENABLE_OBJC_ARC = YES;
				CLANG_WARN_BOOL_CONVERSION = YES;
				CLANG_WARN_CONSTANT_CONVERSION = YES;
				CLANG_WARN_DIRECT_OBJC_ISA_USAGE = YES_ERROR;
				CLANG_WARN_EMPTY_BODY = YES;
				CLANG_WARN_ENUM_CONVERSION = YES;
				CLANG_WARN_INT_CONVERSION = YES;
				CLANG_WARN_OBJC_ROOT_CLASS = YES_ERROR;
				CLANG_WARN_UNREACHABLE_CODE = YES;
				CLANG_WARN__DUPLICATE_METHOD_MATCH = YES;
				"CODE_SIGN_IDENTITY[sdk=iphoneos*]" = "iPhone Developer";
				COPY_PHASE_STRIP = YES;
				ENABLE_NS_ASSERTIONS = NO;
				ENABLE_STRICT_OBJC_MSGSEND = YES;
				GCC_C_LANGUAGE_STANDARD = gnu99;
				GCC_WARN_64_TO_32_BIT_CONVERSION = YES;
				GCC_WARN_ABOUT_RETURN_TYPE = YES_ERROR;
				GCC_WARN_UNDECLARED_SELECTOR = YES;
				GCC_WARN_UNINITIALIZED_AUTOS = YES_AGGRESSIVE;
				GCC_WARN_UNUSED_FUNCTION = YES;
				GCC_WARN_UNUSED_VARIABLE = YES;
				IPHONEOS_DEPLOYMENT_TARGET = 8.1;
				MTL_ENABLE_DEBUG_INFO = NO;
				SDKROOT = iphoneos;
				TARGETED_DEVICE_FAMILY = "1,2";
				VALIDATE_PRODUCT = YES;
			};
			name = Release;
		};
		1E8C52EC1A6BC0B50095402F /* Debug */ = {
			isa = XCBuildConfiguration;
			buildSettings = {
				ASSETCATALOG_COMPILER_APPICON_NAME = AppIcon;
				CLANG_ENABLE_MODULES = YES;
				FRAMEWORK_SEARCH_PATHS = (
					"$(inherited)",
					"$(PROJECT_DIR)/Aratan/Framework",
				);
				INFOPLIST_FILE = Aratan/Info.plist;
				LD_RUNPATH_SEARCH_PATHS = "$(inherited) @executable_path/Frameworks";
				PRODUCT_NAME = "$(TARGET_NAME)";
				SWIFT_OBJC_BRIDGING_HEADER = "Aratan/Aratan-Bridging-Header.h";
				SWIFT_OPTIMIZATION_LEVEL = "-Onone";
			};
			name = Debug;
		};
		1E8C52ED1A6BC0B50095402F /* Release */ = {
			isa = XCBuildConfiguration;
			buildSettings = {
				ASSETCATALOG_COMPILER_APPICON_NAME = AppIcon;
				CLANG_ENABLE_MODULES = YES;
				FRAMEWORK_SEARCH_PATHS = (
					"$(inherited)",
					"$(PROJECT_DIR)/Aratan/Framework",
				);
				INFOPLIST_FILE = Aratan/Info.plist;
				LD_RUNPATH_SEARCH_PATHS = "$(inherited) @executable_path/Frameworks";
				PRODUCT_NAME = "$(TARGET_NAME)";
				SWIFT_OBJC_BRIDGING_HEADER = "Aratan/Aratan-Bridging-Header.h";
			};
			name = Release;
		};
		1E8C52EF1A6BC0B50095402F /* Debug */ = {
			isa = XCBuildConfiguration;
			buildSettings = {
				BUNDLE_LOADER = "$(TEST_HOST)";
				FRAMEWORK_SEARCH_PATHS = (
					"$(SDKROOT)/Developer/Library/Frameworks",
					"$(inherited)",
				);
				GCC_PREPROCESSOR_DEFINITIONS = (
					"DEBUG=1",
					"$(inherited)",
				);
				INFOPLIST_FILE = AratanTests/Info.plist;
				LD_RUNPATH_SEARCH_PATHS = "$(inherited) @executable_path/Frameworks @loader_path/Frameworks";
				PRODUCT_NAME = "$(TARGET_NAME)";
				TEST_HOST = "$(BUILT_PRODUCTS_DIR)/Aratan.app/Aratan";
			};
			name = Debug;
		};
		1E8C52F01A6BC0B50095402F /* Release */ = {
			isa = XCBuildConfiguration;
			buildSettings = {
				BUNDLE_LOADER = "$(TEST_HOST)";
				FRAMEWORK_SEARCH_PATHS = (
					"$(SDKROOT)/Developer/Library/Frameworks",
					"$(inherited)",
				);
				INFOPLIST_FILE = AratanTests/Info.plist;
				LD_RUNPATH_SEARCH_PATHS = "$(inherited) @executable_path/Frameworks @loader_path/Frameworks";
				PRODUCT_NAME = "$(TARGET_NAME)";
				TEST_HOST = "$(BUILT_PRODUCTS_DIR)/Aratan.app/Aratan";
			};
			name = Release;
		};
/* End XCBuildConfiguration section */

/* Begin XCConfigurationList section */
		1E8C52C41A6BC0B50095402F /* Build configuration list for PBXProject "Aratan" */ = {
			isa = XCConfigurationList;
			buildConfigurations = (
				1E8C52E91A6BC0B50095402F /* Debug */,
				1E8C52EA1A6BC0B50095402F /* Release */,
			);
			defaultConfigurationIsVisible = 0;
			defaultConfigurationName = Release;
		};
		1E8C52EB1A6BC0B50095402F /* Build configuration list for PBXNativeTarget "Aratan" */ = {
			isa = XCConfigurationList;
			buildConfigurations = (
				1E8C52EC1A6BC0B50095402F /* Debug */,
				1E8C52ED1A6BC0B50095402F /* Release */,
			);
			defaultConfigurationIsVisible = 0;
			defaultConfigurationName = Release;
		};
		1E8C52EE1A6BC0B50095402F /* Build configuration list for PBXNativeTarget "AratanTests" */ = {
			isa = XCConfigurationList;
			buildConfigurations = (
				1E8C52EF1A6BC0B50095402F /* Debug */,
				1E8C52F01A6BC0B50095402F /* Release */,
			);
			defaultConfigurationIsVisible = 0;
			defaultConfigurationName = Release;
		};
/* End XCConfigurationList section */

/* Begin XCVersionGroup section */
		1E8C52D01A6BC0B50095402F /* Aratan.xcdatamodeld */ = {
			isa = XCVersionGroup;
			children = (
				1E8C52D11A6BC0B50095402F /* Aratan.xcdatamodel */,
			);
			currentVersion = 1E8C52D11A6BC0B50095402F /* Aratan.xcdatamodel */;
			path = Aratan.xcdatamodeld;
			sourceTree = "<group>";
			versionGroupType = wrapper.xcdatamodel;
		};
/* End XCVersionGroup section */
	};
	rootObject = 1E8C52C11A6BC0B50095402F /* Project object */;
}
